
Microsoft Visual Studio Solution File, Format Version 12.00
# Visual Studio 14
VisualStudioVersion = 14.0.25420.1
MinimumVisualStudioVersion = 10.0.40219.1
Project("{FAE04EC0-301F-11D3-BF4B-00C04F79EFBC}") = "DescriptorClusteringCLI", "DescriptorClusteringCLI\DescriptorClusteringCLI.csproj", "{E61345D4-548C-4675-871B-F0269EEB7632}"
EndProject
Project("{FAE04EC0-301F-11D3-BF4B-00C04F79EFBC}") = "DescriptorClustering", "DescriptorClustering\DescriptorClustering.csproj", "{1A4848F3-5A23-425B-9DBD-0B42403D6234}"
EndProject
Project("{FAE04EC0-301F-11D3-BF4B-00C04F79EFBC}") = "TestClustering", "TestClustering\TestClustering.csproj", "{F89570CC-64DD-4E12-A879-342A2890DBCA}"
EndProject
Project("{FAE04EC0-301F-11D3-BF4B-00C04F79EFBC}") = "SmallDataTestAndVisualization", "SmallDataTestAndVisualization\SmallDataTestAndVisualization.csproj", "{3E6EE705-AB52-40FF-9977-B1BF8A63569B}"
EndProject
Project("{FAE04EC0-301F-11D3-BF4B-00C04F79EFBC}") = "DescriptorClusteringHeuristicCLI", "DescriptorClusteringHeuristicCLI\DescriptorClusteringHeuristicCLI.csproj", "{34E53376-B44B-4FDE-84A9-A06482B8AAE0}"
EndProject
Project("{FAE04EC0-301F-11D3-BF4B-00C04F79EFBC}") = "ClusteringBrowserApp", "ClusteringBrowserApp\ClusteringBrowserApp.csproj", "{8D3F2CFB-7993-4486-9F38-200EB27F4FA5}"
EndProject
Global
	GlobalSection(SolutionConfigurationPlatforms) = preSolution
		Debug|x64 = Debug|x64
		Release|x64 = Release|x64
	EndGlobalSection
	GlobalSection(ProjectConfigurationPlatforms) = postSolution
		{E61345D4-548C-4675-871B-F0269EEB7632}.Debug|x64.ActiveCfg = Debug|x64
		{E61345D4-548C-4675-871B-F0269EEB7632}.Debug|x64.Build.0 = Debug|x64
		{E61345D4-548C-4675-871B-F0269EEB7632}.Release|x64.ActiveCfg = Release|x64
		{E61345D4-548C-4675-871B-F0269EEB7632}.Release|x64.Build.0 = Release|x64
		{1A4848F3-5A23-425B-9DBD-0B42403D6234}.Debug|x64.ActiveCfg = Debug|x64
		{1A4848F3-5A23-425B-9DBD-0B42403D6234}.Debug|x64.Build.0 = Debug|x64
		{1A4848F3-5A23-425B-9DBD-0B42403D6234}.Release|x64.ActiveCfg = Release|x64
		{1A4848F3-5A23-425B-9DBD-0B42403D6234}.Release|x64.Build.0 = Release|x64
		{F89570CC-64DD-4E12-A879-342A2890DBCA}.Debug|x64.ActiveCfg = Debug|x64
		{F89570CC-64DD-4E12-A879-342A2890DBCA}.Debug|x64.Build.0 = Debug|x64
		{F89570CC-64DD-4E12-A879-342A2890DBCA}.Release|x64.ActiveCfg = Release|x64
		{F89570CC-64DD-4E12-A879-342A2890DBCA}.Release|x64.Build.0 = Release|x64
		{3E6EE705-AB52-40FF-9977-B1BF8A63569B}.Debug|x64.ActiveCfg = Debug|x64
		{3E6EE705-AB52-40FF-9977-B1BF8A63569B}.Debug|x64.Build.0 = Debug|x64
		{3E6EE705-AB52-40FF-9977-B1BF8A63569B}.Release|x64.ActiveCfg = Release|x64
		{3E6EE705-AB52-40FF-9977-B1BF8A63569B}.Release|x64.Build.0 = Release|x64
		{34E53376-B44B-4FDE-84A9-A06482B8AAE0}.Debug|x64.ActiveCfg = Debug|x64
		{34E53376-B44B-4FDE-84A9-A06482B8AAE0}.Debug|x64.Build.0 = Debug|x64
		{34E53376-B44B-4FDE-84A9-A06482B8AAE0}.Release|x64.ActiveCfg = Release|x64
		{34E53376-B44B-4FDE-84A9-A06482B8AAE0}.Release|x64.Build.0 = Release|x64
		{8D3F2CFB-7993-4486-9F38-200EB27F4FA5}.Debug|x64.ActiveCfg = Debug|x64
		{8D3F2CFB-7993-4486-9F38-200EB27F4FA5}.Debug|x64.Build.0 = Debug|x64
		{8D3F2CFB-7993-4486-9F38-200EB27F4FA5}.Release|x64.ActiveCfg = Release|x64
		{8D3F2CFB-7993-4486-9F38-200EB27F4FA5}.Release|x64.Build.0 = Release|x64
	EndGlobalSection
	GlobalSection(SolutionProperties) = preSolution
		HideSolutionNode = FALSE
	EndGlobalSection
EndGlobal
