
Microsoft Visual Studio Solution File, Format Version 12.00
# Visual Studio 14
VisualStudioVersion = 14.0.25420.1
MinimumVisualStudioVersion = 10.0.40219.1
Project("{FAE04EC0-301F-11D3-BF4B-00C04F79EFBC}") = "BrowsingSimulator", "BrowsingSimulator\BrowsingSimulator.csproj", "{DBF1E962-FD26-4B3B-A8D1-CF56FD988098}"
EndProject
Project("{FAE04EC0-301F-11D3-BF4B-00C04F79EFBC}") = "BrowsingSimulatorCLI", "BrowsingSimulatorCLI\BrowsingSimulatorCLI.csproj", "{886D5977-CD23-4321-B9EA-5565F4CF3120}"
	ProjectSection(ProjectDependencies) = postProject
		{DBF1E962-FD26-4B3B-A8D1-CF56FD988098} = {DBF1E962-FD26-4B3B-A8D1-CF56FD988098}
	EndProjectSection
EndProject
Project("{FAE04EC0-301F-11D3-BF4B-00C04F79EFBC}") = "RandomSubsequenceGenerator", "RandomSubsequenceGenerator\RandomSubsequenceGenerator.csproj", "{896893F0-E193-48F0-B722-AECAEB8EB383}"
EndProject
Project("{FAE04EC0-301F-11D3-BF4B-00C04F79EFBC}") = "SessionLogViewerApp", "SessionLogViewerApp\SessionLogViewerApp.csproj", "{772FD34C-BBB9-4042-B88D-9B7F319F5A8C}"
EndProject
Project("{FAE04EC0-301F-11D3-BF4B-00C04F79EFBC}") = "BrowsingCacheViewerApp", "BrowsingCacheViewerApp\BrowsingCacheViewerApp.csproj", "{94E37BA2-A141-499F-AEA3-B19C9822C200}"
EndProject
Project("{FAE04EC0-301F-11D3-BF4B-00C04F79EFBC}") = "BrowsingComparer", "BrowsingComparer\BrowsingComparer.csproj", "{4DFB590F-D417-4C15-8EDB-78B2FD6A1BD6}"
EndProject
Project("{FAE04EC0-301F-11D3-BF4B-00C04F79EFBC}") = "RandomClassItemPick", "RandomClassItemPick\RandomClassItemPick.csproj", "{699D4849-4E9A-463F-97EB-D60FF211B03F}"
EndProject
Project("{FAE04EC0-301F-11D3-BF4B-00C04F79EFBC}") = "GenerateClassMappingFile", "GenerateClassMappingFile\GenerateClassMappingFile.csproj", "{4E8D884E-7181-4035-8297-555494F3F5BC}"
EndProject
Global
	GlobalSection(SolutionConfigurationPlatforms) = preSolution
		Debug|Any CPU = Debug|Any CPU
		Debug|x64 = Debug|x64
		Release|Any CPU = Release|Any CPU
		Release|x64 = Release|x64
		ReleaseGPU|Any CPU = ReleaseGPU|Any CPU
		ReleaseGPU|x64 = ReleaseGPU|x64
	EndGlobalSection
	GlobalSection(ProjectConfigurationPlatforms) = postSolution
		{DBF1E962-FD26-4B3B-A8D1-CF56FD988098}.Debug|Any CPU.ActiveCfg = Debug|x64
		{DBF1E962-FD26-4B3B-A8D1-CF56FD988098}.Debug|x64.ActiveCfg = Debug|x64
		{DBF1E962-FD26-4B3B-A8D1-CF56FD988098}.Debug|x64.Build.0 = Debug|x64
		{DBF1E962-FD26-4B3B-A8D1-CF56FD988098}.Release|Any CPU.ActiveCfg = Release|x64
		{DBF1E962-FD26-4B3B-A8D1-CF56FD988098}.Release|x64.ActiveCfg = Release|x64
		{DBF1E962-FD26-4B3B-A8D1-CF56FD988098}.Release|x64.Build.0 = Release|x64
		{DBF1E962-FD26-4B3B-A8D1-CF56FD988098}.ReleaseGPU|Any CPU.ActiveCfg = ReleaseGPU|x64
		{DBF1E962-FD26-4B3B-A8D1-CF56FD988098}.ReleaseGPU|x64.ActiveCfg = ReleaseGPU|x64
		{DBF1E962-FD26-4B3B-A8D1-CF56FD988098}.ReleaseGPU|x64.Build.0 = ReleaseGPU|x64
		{886D5977-CD23-4321-B9EA-5565F4CF3120}.Debug|Any CPU.ActiveCfg = Debug|x64
		{886D5977-CD23-4321-B9EA-5565F4CF3120}.Debug|x64.ActiveCfg = Debug|x64
		{886D5977-CD23-4321-B9EA-5565F4CF3120}.Debug|x64.Build.0 = Debug|x64
		{886D5977-CD23-4321-B9EA-5565F4CF3120}.Release|Any CPU.ActiveCfg = Release|x64
		{886D5977-CD23-4321-B9EA-5565F4CF3120}.Release|x64.ActiveCfg = Release|x64
		{886D5977-CD23-4321-B9EA-5565F4CF3120}.Release|x64.Build.0 = Release|x64
		{886D5977-CD23-4321-B9EA-5565F4CF3120}.ReleaseGPU|Any CPU.ActiveCfg = ReleaseGPU|x64
		{886D5977-CD23-4321-B9EA-5565F4CF3120}.ReleaseGPU|x64.ActiveCfg = ReleaseGPU|x64
		{886D5977-CD23-4321-B9EA-5565F4CF3120}.ReleaseGPU|x64.Build.0 = ReleaseGPU|x64
		{896893F0-E193-48F0-B722-AECAEB8EB383}.Debug|Any CPU.ActiveCfg = Debug|x64
		{896893F0-E193-48F0-B722-AECAEB8EB383}.Debug|x64.ActiveCfg = Debug|x64
		{896893F0-E193-48F0-B722-AECAEB8EB383}.Debug|x64.Build.0 = Debug|x64
		{896893F0-E193-48F0-B722-AECAEB8EB383}.Release|Any CPU.ActiveCfg = Release|x64
		{896893F0-E193-48F0-B722-AECAEB8EB383}.Release|x64.ActiveCfg = Release|x64
		{896893F0-E193-48F0-B722-AECAEB8EB383}.Release|x64.Build.0 = Release|x64
		{896893F0-E193-48F0-B722-AECAEB8EB383}.ReleaseGPU|Any CPU.ActiveCfg = ReleaseGPU|x64
		{896893F0-E193-48F0-B722-AECAEB8EB383}.ReleaseGPU|x64.ActiveCfg = ReleaseGPU|x64
		{896893F0-E193-48F0-B722-AECAEB8EB383}.ReleaseGPU|x64.Build.0 = ReleaseGPU|x64
		{772FD34C-BBB9-4042-B88D-9B7F319F5A8C}.Debug|Any CPU.ActiveCfg = Debug|x64
		{772FD34C-BBB9-4042-B88D-9B7F319F5A8C}.Debug|x64.ActiveCfg = Debug|x64
		{772FD34C-BBB9-4042-B88D-9B7F319F5A8C}.Debug|x64.Build.0 = Debug|x64
		{772FD34C-BBB9-4042-B88D-9B7F319F5A8C}.Release|Any CPU.ActiveCfg = Release|x64
		{772FD34C-BBB9-4042-B88D-9B7F319F5A8C}.Release|x64.ActiveCfg = Release|x64
		{772FD34C-BBB9-4042-B88D-9B7F319F5A8C}.Release|x64.Build.0 = Release|x64
		{772FD34C-BBB9-4042-B88D-9B7F319F5A8C}.ReleaseGPU|Any CPU.ActiveCfg = ReleaseGPU|x64
		{772FD34C-BBB9-4042-B88D-9B7F319F5A8C}.ReleaseGPU|x64.ActiveCfg = ReleaseGPU|x64
		{772FD34C-BBB9-4042-B88D-9B7F319F5A8C}.ReleaseGPU|x64.Build.0 = ReleaseGPU|x64
		{94E37BA2-A141-499F-AEA3-B19C9822C200}.Debug|Any CPU.ActiveCfg = Debug|x64
		{94E37BA2-A141-499F-AEA3-B19C9822C200}.Debug|x64.ActiveCfg = Debug|x64
		{94E37BA2-A141-499F-AEA3-B19C9822C200}.Debug|x64.Build.0 = Debug|x64
		{94E37BA2-A141-499F-AEA3-B19C9822C200}.Release|Any CPU.ActiveCfg = Release|x64
		{94E37BA2-A141-499F-AEA3-B19C9822C200}.Release|x64.ActiveCfg = Release|x64
		{94E37BA2-A141-499F-AEA3-B19C9822C200}.Release|x64.Build.0 = Release|x64
		{94E37BA2-A141-499F-AEA3-B19C9822C200}.ReleaseGPU|Any CPU.ActiveCfg = Release|x64
		{94E37BA2-A141-499F-AEA3-B19C9822C200}.ReleaseGPU|Any CPU.Build.0 = Release|x64
		{94E37BA2-A141-499F-AEA3-B19C9822C200}.ReleaseGPU|x64.ActiveCfg = Release|x64
		{94E37BA2-A141-499F-AEA3-B19C9822C200}.ReleaseGPU|x64.Build.0 = Release|x64
		{4DFB590F-D417-4C15-8EDB-78B2FD6A1BD6}.Debug|Any CPU.ActiveCfg = Debug|x64
		{4DFB590F-D417-4C15-8EDB-78B2FD6A1BD6}.Debug|x64.ActiveCfg = Debug|x64
		{4DFB590F-D417-4C15-8EDB-78B2FD6A1BD6}.Debug|x64.Build.0 = Debug|x64
		{4DFB590F-D417-4C15-8EDB-78B2FD6A1BD6}.Release|Any CPU.ActiveCfg = Release|x64
		{4DFB590F-D417-4C15-8EDB-78B2FD6A1BD6}.Release|x64.ActiveCfg = Release|x64
		{4DFB590F-D417-4C15-8EDB-78B2FD6A1BD6}.Release|x64.Build.0 = Release|x64
		{4DFB590F-D417-4C15-8EDB-78B2FD6A1BD6}.ReleaseGPU|Any CPU.ActiveCfg = Release|x64
		{4DFB590F-D417-4C15-8EDB-78B2FD6A1BD6}.ReleaseGPU|Any CPU.Build.0 = Release|x64
		{4DFB590F-D417-4C15-8EDB-78B2FD6A1BD6}.ReleaseGPU|x64.ActiveCfg = Release|x64
		{4DFB590F-D417-4C15-8EDB-78B2FD6A1BD6}.ReleaseGPU|x64.Build.0 = Release|x64
		{699D4849-4E9A-463F-97EB-D60FF211B03F}.Debug|Any CPU.ActiveCfg = Debug|Any CPU
		{699D4849-4E9A-463F-97EB-D60FF211B03F}.Debug|Any CPU.Build.0 = Debug|Any CPU
		{699D4849-4E9A-463F-97EB-D60FF211B03F}.Debug|x64.ActiveCfg = Debug|Any CPU
		{699D4849-4E9A-463F-97EB-D60FF211B03F}.Debug|x64.Build.0 = Debug|Any CPU
		{699D4849-4E9A-463F-97EB-D60FF211B03F}.Release|Any CPU.ActiveCfg = Release|Any CPU
		{699D4849-4E9A-463F-97EB-D60FF211B03F}.Release|Any CPU.Build.0 = Release|Any CPU
		{699D4849-4E9A-463F-97EB-D60FF211B03F}.Release|x64.ActiveCfg = Release|Any CPU
		{699D4849-4E9A-463F-97EB-D60FF211B03F}.Release|x64.Build.0 = Release|Any CPU
		{699D4849-4E9A-463F-97EB-D60FF211B03F}.ReleaseGPU|Any CPU.ActiveCfg = Release|Any CPU
		{699D4849-4E9A-463F-97EB-D60FF211B03F}.ReleaseGPU|Any CPU.Build.0 = Release|Any CPU
		{699D4849-4E9A-463F-97EB-D60FF211B03F}.ReleaseGPU|x64.ActiveCfg = Release|Any CPU
		{699D4849-4E9A-463F-97EB-D60FF211B03F}.ReleaseGPU|x64.Build.0 = Release|Any CPU
		{4E8D884E-7181-4035-8297-555494F3F5BC}.Debug|Any CPU.ActiveCfg = Debug|Any CPU
		{4E8D884E-7181-4035-8297-555494F3F5BC}.Debug|Any CPU.Build.0 = Debug|Any CPU
		{4E8D884E-7181-4035-8297-555494F3F5BC}.Debug|x64.ActiveCfg = Debug|Any CPU
		{4E8D884E-7181-4035-8297-555494F3F5BC}.Debug|x64.Build.0 = Debug|Any CPU
		{4E8D884E-7181-4035-8297-555494F3F5BC}.Release|Any CPU.ActiveCfg = Release|Any CPU
		{4E8D884E-7181-4035-8297-555494F3F5BC}.Release|Any CPU.Build.0 = Release|Any CPU
		{4E8D884E-7181-4035-8297-555494F3F5BC}.Release|x64.ActiveCfg = Release|Any CPU
		{4E8D884E-7181-4035-8297-555494F3F5BC}.Release|x64.Build.0 = Release|Any CPU
		{4E8D884E-7181-4035-8297-555494F3F5BC}.ReleaseGPU|Any CPU.ActiveCfg = Release|Any CPU
		{4E8D884E-7181-4035-8297-555494F3F5BC}.ReleaseGPU|Any CPU.Build.0 = Release|Any CPU
		{4E8D884E-7181-4035-8297-555494F3F5BC}.ReleaseGPU|x64.ActiveCfg = Release|Any CPU
		{4E8D884E-7181-4035-8297-555494F3F5BC}.ReleaseGPU|x64.Build.0 = Release|Any CPU
	EndGlobalSection
	GlobalSection(SolutionProperties) = preSolution
		HideSolutionNode = FALSE
	EndGlobalSection
EndGlobal
